
Microsoft Visual Studio Solution File, Format Version 12.00
# Visual Studio Version 16
VisualStudioVersion = 16.0.30804.86
MinimumVisualStudioVersion = 10.0.40219.1
Project("{8BC9CEB8-8B4A-11D0-8D11-00A0C91BC942}") = "classwork", "classwork\classwork.vcxproj", "{158AC80F-8732-42C6-A190-47465E358D38}"
EndProject
Global
	GlobalSection(SolutionConfigurationPlatforms) = preSolution
		Debug|x64 = Debug|x64
		Debug|x86 = Debug|x86
		Release|x64 = Release|x64
		Release|x86 = Release|x86
	EndGlobalSection
	GlobalSection(ProjectConfigurationPlatforms) = postSolution
		{158AC80F-8732-42C6-A190-47465E358D38}.Debug|x64.ActiveCfg = Debug|x64
		{158AC80F-8732-42C6-A190-47465E358D38}.Debug|x64.Build.0 = Debug|x64
		{158AC80F-8732-42C6-A190-47465E358D38}.Debug|x86.ActiveCfg = Debug|Win32
		{158AC80F-8732-42C6-A190-47465E358D38}.Debug|x86.Build.0 = Debug|Win32
		{158AC80F-8732-42C6-A190-47465E358D38}.Release|x64.ActiveCfg = Release|x64
		{158AC80F-8732-42C6-A190-47465E358D38}.Release|x64.Build.0 = Release|x64
		{158AC80F-8732-42C6-A190-47465E358D38}.Release|x86.ActiveCfg = Release|Win32
		{158AC80F-8732-42C6-A190-47465E358D38}.Release|x86.Build.0 = Release|Win32
	EndGlobalSection
	GlobalSection(SolutionProperties) = preSolution
		HideSolutionNode = FALSE
	EndGlobalSection
	GlobalSection(ExtensibilityGlobals) = postSolution
		SolutionGuid = {97091E95-7C06-475D-B127-64AE26B59489}
	EndGlobalSection
EndGlobal
