
Microsoft Visual Studio Solution File, Format Version 12.00
# Visual Studio Version 17
VisualStudioVersion = 17.3.32825.248
MinimumVisualStudioVersion = 10.0.40219.1
Project("{8BC9CEB8-8B4A-11D0-8D11-00A0C91BC942}") = "pairsvector", "pairsvector\pairsvector.vcxproj", "{D9F6FCA8-F67F-4B39-9653-A5B2975D2341}"
EndProject
Global
	GlobalSection(SolutionConfigurationPlatforms) = preSolution
		Debug|x64 = Debug|x64
		Debug|x86 = Debug|x86
		Release|x64 = Release|x64
		Release|x86 = Release|x86
	EndGlobalSection
	GlobalSection(ProjectConfigurationPlatforms) = postSolution
		{D9F6FCA8-F67F-4B39-9653-A5B2975D2341}.Debug|x64.ActiveCfg = Debug|x64
		{D9F6FCA8-F67F-4B39-9653-A5B2975D2341}.Debug|x64.Build.0 = Debug|x64
		{D9F6FCA8-F67F-4B39-9653-A5B2975D2341}.Debug|x86.ActiveCfg = Debug|Win32
		{D9F6FCA8-F67F-4B39-9653-A5B2975D2341}.Debug|x86.Build.0 = Debug|Win32
		{D9F6FCA8-F67F-4B39-9653-A5B2975D2341}.Release|x64.ActiveCfg = Release|x64
		{D9F6FCA8-F67F-4B39-9653-A5B2975D2341}.Release|x64.Build.0 = Release|x64
		{D9F6FCA8-F67F-4B39-9653-A5B2975D2341}.Release|x86.ActiveCfg = Release|Win32
		{D9F6FCA8-F67F-4B39-9653-A5B2975D2341}.Release|x86.Build.0 = Release|Win32
	EndGlobalSection
	GlobalSection(SolutionProperties) = preSolution
		HideSolutionNode = FALSE
	EndGlobalSection
	GlobalSection(ExtensibilityGlobals) = postSolution
		SolutionGuid = {BC8E8211-1BDA-4B44-8B3F-3503C320A902}
	EndGlobalSection
EndGlobal
